
Microsoft Visual Studio Solution File, Format Version 12.00
# Visual Studio Version 16
VisualStudioVersion = 16.0.30804.86
MinimumVisualStudioVersion = 10.0.40219.1
Project("{FAE04EC0-301F-11D3-BF4B-00C04F79EFBC}") = "Api.Seguridad", "Api.Seguridad\Api.Seguridad.csproj", "{89AAB0A8-24F0-4C1B-8171-BAE21581025F}"
EndProject
Global
	GlobalSection(SolutionConfigurationPlatforms) = preSolution
		Debug|Any CPU = Debug|Any CPU
		Release|Any CPU = Release|Any CPU
	EndGlobalSection
	GlobalSection(ProjectConfigurationPlatforms) = postSolution
		{89AAB0A8-24F0-4C1B-8171-BAE21581025F}.Debug|Any CPU.ActiveCfg = Debug|Any CPU
		{89AAB0A8-24F0-4C1B-8171-BAE21581025F}.Debug|Any CPU.Build.0 = Debug|Any CPU
		{89AAB0A8-24F0-4C1B-8171-BAE21581025F}.Release|Any CPU.ActiveCfg = Release|Any CPU
		{89AAB0A8-24F0-4C1B-8171-BAE21581025F}.Release|Any CPU.Build.0 = Release|Any CPU
	EndGlobalSection
	GlobalSection(SolutionProperties) = preSolution
		HideSolutionNode = FALSE
	EndGlobalSection
	GlobalSection(ExtensibilityGlobals) = postSolution
		SolutionGuid = {4096F661-9E73-4EEF-8B2A-1FA8882163B7}
	EndGlobalSection
EndGlobal
